
Microsoft Visual Studio Solution File, Format Version 12.00
# Visual Studio Version 16
VisualStudioVersion = 16.0.28803.202
MinimumVisualStudioVersion = 10.0.40219.1
Project("{FAE04EC0-301F-11D3-BF4B-00C04F79EFBC}") = "ClockAngle", "ClockAngle\ClockAngle.csproj", "{5A477794-076D-4FEB-9AAB-E6C73D51089C}"
EndProject
Global
	GlobalSection(SolutionConfigurationPlatforms) = preSolution
		Debug|Any CPU = Debug|Any CPU
		Release|Any CPU = Release|Any CPU
	EndGlobalSection
	GlobalSection(ProjectConfigurationPlatforms) = postSolution
		{5A477794-076D-4FEB-9AAB-E6C73D51089C}.Debug|Any CPU.ActiveCfg = Debug|Any CPU
		{5A477794-076D-4FEB-9AAB-E6C73D51089C}.Debug|Any CPU.Build.0 = Debug|Any CPU
		{5A477794-076D-4FEB-9AAB-E6C73D51089C}.Release|Any CPU.ActiveCfg = Release|Any CPU
		{5A477794-076D-4FEB-9AAB-E6C73D51089C}.Release|Any CPU.Build.0 = Release|Any CPU
	EndGlobalSection
	GlobalSection(SolutionProperties) = preSolution
		HideSolutionNode = FALSE
	EndGlobalSection
	GlobalSection(ExtensibilityGlobals) = postSolution
		SolutionGuid = {1001EAB8-572F-4192-A319-CAEA3DEB9F2D}
	EndGlobalSection
EndGlobal
