
Microsoft Visual Studio Solution File, Format Version 12.00
# Visual Studio Version 16
VisualStudioVersion = 16.0.28803.202
MinimumVisualStudioVersion = 10.0.40219.1
Project("{FAE04EC0-301F-11D3-BF4B-00C04F79EFBC}") = "SwapInteger", "SwapInteger\SwapInteger.csproj", "{FE8259B2-82A2-4835-A438-F3D23B016EBD}"
EndProject
Global
	GlobalSection(SolutionConfigurationPlatforms) = preSolution
		Debug|Any CPU = Debug|Any CPU
		Release|Any CPU = Release|Any CPU
	EndGlobalSection
	GlobalSection(ProjectConfigurationPlatforms) = postSolution
		{FE8259B2-82A2-4835-A438-F3D23B016EBD}.Debug|Any CPU.ActiveCfg = Debug|Any CPU
		{FE8259B2-82A2-4835-A438-F3D23B016EBD}.Debug|Any CPU.Build.0 = Debug|Any CPU
		{FE8259B2-82A2-4835-A438-F3D23B016EBD}.Release|Any CPU.ActiveCfg = Release|Any CPU
		{FE8259B2-82A2-4835-A438-F3D23B016EBD}.Release|Any CPU.Build.0 = Release|Any CPU
	EndGlobalSection
	GlobalSection(SolutionProperties) = preSolution
		HideSolutionNode = FALSE
	EndGlobalSection
	GlobalSection(ExtensibilityGlobals) = postSolution
		SolutionGuid = {8DFA7CF6-D546-45D8-889F-DA7A0F18C550}
	EndGlobalSection
EndGlobal
