
Microsoft Visual Studio Solution File, Format Version 12.00
# Visual Studio Version 16
VisualStudioVersion = 16.0.28803.202
MinimumVisualStudioVersion = 10.0.40219.1
Project("{FAE04EC0-301F-11D3-BF4B-00C04F79EFBC}") = "RepeatedCharacters", "RepeatedCharacters\RepeatedCharacters.csproj", "{D51730C3-B3E1-4076-9D8A-F6C9DA3D0C4C}"
EndProject
Global
	GlobalSection(SolutionConfigurationPlatforms) = preSolution
		Debug|Any CPU = Debug|Any CPU
		Release|Any CPU = Release|Any CPU
	EndGlobalSection
	GlobalSection(ProjectConfigurationPlatforms) = postSolution
		{D51730C3-B3E1-4076-9D8A-F6C9DA3D0C4C}.Debug|Any CPU.ActiveCfg = Debug|Any CPU
		{D51730C3-B3E1-4076-9D8A-F6C9DA3D0C4C}.Debug|Any CPU.Build.0 = Debug|Any CPU
		{D51730C3-B3E1-4076-9D8A-F6C9DA3D0C4C}.Release|Any CPU.ActiveCfg = Release|Any CPU
		{D51730C3-B3E1-4076-9D8A-F6C9DA3D0C4C}.Release|Any CPU.Build.0 = Release|Any CPU
	EndGlobalSection
	GlobalSection(SolutionProperties) = preSolution
		HideSolutionNode = FALSE
	EndGlobalSection
	GlobalSection(ExtensibilityGlobals) = postSolution
		SolutionGuid = {20B0E8EB-A6AE-4DE1-B3DF-70E37FBB5875}
	EndGlobalSection
EndGlobal
